{
  "lockfileVersion": 1,
  "configVersion": 1,
  "workspaces": {
    "": {
      "name": "curriculum-vitae",
      "dependencies": {
        "@react-pdf/renderer": "^4.9.0",
        "cac": "^7.0.0",
        "ora": "^9.4.1",
        "react": "^19.2.8",
        "remeda": "^2.50.0",
      },
      "devDependencies": {
        "@biomejs/biome": "2.5.15",
        "@tsconfig/strictest": "^2.0.8",
        "@types/node": "^24.13.3",
        "@types/react": "^19.2.18",
        "lefthook": "^2.1.16",
        "type-fest": "^5.10.0",
        "typescript": "^7.0.2",
      },
    },
  },
  "packages": {
    "@babel/runtime": ["@babel/runtime@7.29.7", "", {}, "sha512-Nq8OhGWiZIZGV6hLHoyAKLLcJihP/xFeBMGJoUrxTX2psI8dCifzLhZISFb+VWS3wFMRDmCGw5R+dOySCqPLhw=="],

    "@biomejs/biome": ["@biomejs/biome@2.5.15", "", { "optionalDependencies": { "@biomejs/cli-darwin-arm64": "2.5.15", "@biomejs/cli-darwin-x64": "2.5.15", "@biomejs/cli-linux-arm64": "2.5.15", "@biomejs/cli-linux-arm64-musl": "2.5.15", "@biomejs/cli-linux-x64": "2.5.15", "@biomejs/cli-linux-x64-musl": "2.5.15", "@biomejs/cli-win32-arm64": "2.5.15", "@biomejs/cli-win32-x64": "2.5.15" }, "bin": { "biome": "bin/biome" } }, "sha512-WZTW4slm/pdkh92K6t/3aEN++44JD1PQ7squ7RCMLI1flHGl43DVOIGXvCjHiZgBMO1V4uYxoFNtqrIA4qGuIQ=="],

    "@biomejs/cli-darwin-arm64": ["@biomejs/cli-darwin-arm64@2.5.15", "", { "os": "darwin", "cpu": "arm64" }, "sha512-BZVzFhJ/mUvTLMYbc9x6el0o2Uv5zP7bACYyhFb6fSc1giroXm7PL0a5KqMJ9F+/BnkYRjagD/ROSDVOZ6eapg=="],

    "@biomejs/cli-darwin-x64": ["@biomejs/cli-darwin-x64@2.5.15", "", { "os": "darwin", "cpu": "x64" }, "sha512-V5Kw63V+fVGNFhFrizDxMbGXAzZCh8kYzJpy3GI6gTapWDg7bZK9oYC9CbVgQSEdTnupz0U5Efz8Ev+5vdBBXw=="],

    "@biomejs/cli-linux-arm64": ["@biomejs/cli-linux-arm64@2.5.15", "", { "os": "linux", "cpu": "arm64" }, "sha512-XaG7P7eeSLYETD3K9grfB0mQmpLQZjygdbsxekWBJAg4am79fGAtRpfRyNnTvXB2fZFNnJZG3nXm7HBat0+VUw=="],

    "@biomejs/cli-linux-arm64-musl": ["@biomejs/cli-linux-arm64-musl@2.5.15", "", { "os": "linux", "cpu": "arm64" }, "sha512-tGzZUTcJCV7tj5Adh/Gn6nR4MycqA3iohq2LEcrarAgRBkU0h0OKd2UzCRkOsOYOuUGaUJb4YmqRqyy2feGGSw=="],

    "@biomejs/cli-linux-x64": ["@biomejs/cli-linux-x64@2.5.15", "", { "os": "linux", "cpu": "x64" }, "sha512-xE4iEW/3LqlYj9GFgGrFsFSH51dEEpUbYWBfeOv0q87WkUDxK2o/HhreSb7qMJqck70RVM6Lg96hgedcAYcOkA=="],

    "@biomejs/cli-linux-x64-musl": ["@biomejs/cli-linux-x64-musl@2.5.15", "", { "os": "linux", "cpu": "x64" }, "sha512-IlxUcyxilVGPsE008x13pWdkTbU3nQpP2i9b5UrbOYj6goBkKsRX1XB7yJLcV+O1H9LBchIIm4adOaVLZBX0ZQ=="],

    "@biomejs/cli-win32-arm64": ["@biomejs/cli-win32-arm64@2.5.15", "", { "os": "win32", "cpu": "arm64" }, "sha512-2kPKzhNlm8C+Ru3GcO0Me2ODkCBLrVOUNuyi84RJyWDVKAA4+Kjj3jMjL938lF6BRfvltC4vB2nPY9SvN51Ovg=="],

    "@biomejs/cli-win32-x64": ["@biomejs/cli-win32-x64@2.5.15", "", { "os": "win32", "cpu": "x64" }, "sha512-yAzh4UqEImV6Hcy0zjUqNfJAsUhoD64FBQCdTG8Md/Z2wQeVP/ZmJ3XRYAs1g8J9fjTFyl2fCtc5FB5til47+g=="],

    "@noble/ciphers": ["@noble/ciphers@1.3.0", "", {}, "sha512-2I0gnIVPtfnMw9ee9h1dJG7tp81+8Ob3OJb3Mv37rx5L40/b0i7djjCVvGOVqc9AEIQyvyu1i6ypKdFw8R8gQw=="],

    "@noble/hashes": ["@noble/hashes@1.8.0", "", {}, "sha512-jCs9ldd7NwzpgXDIf6P3+NrHh9/sD6CQdxHyjQI+h/6rDNo88ypBxxz45UDuZHz9r3tNz7N/VInSVoVdtXEI4A=="],

    "@react-pdf/fns": ["@react-pdf/fns@3.1.3", "", {}, "sha512-0I7pApDr1/RLAKbizuLy/IHTEa93LSPy/bEwYniboC3Xqnp6Od8xFJKbKEzGw2wh/5zKFFwl00g4t9RwgIMc3w=="],

    "@react-pdf/font": ["@react-pdf/font@4.1.2", "", { "dependencies": { "@react-pdf/types": "^2.14.0", "fontkit": "^2.0.2", "is-url": "^1.2.4", "pdfkit": "0.20.1" } }, "sha512-RT/jiGWIRjIC9c4S9NiqhEyfuA6YL+DtWL3Rm+k+zQhfeHYvHwGzFxr7ZJzThIMrT8sIQy+mpvFvfYyitEei/Q=="],

    "@react-pdf/hyphenate": ["@react-pdf/hyphenate@0.1.0", "", { "dependencies": { "hyphen": "~1.6.4" } }, "sha512-CWulbuusHh2Lnos9ZffT3ZYfjCt332Yl8wjSyCKWbwhbTpe/VdFt53fM5elPp3HU3R6tzH6j3oYlLXDwC2WEHQ=="],

    "@react-pdf/image": ["@react-pdf/image@3.1.2", "", { "dependencies": { "@react-pdf/svg": "^1.1.1", "jay-peg": "^1.1.1", "png-js": "^2.0.0" } }, "sha512-89vlvZCCv1hPunFtyeS2rJTRL8h2yYmTI97AM4ppibS79zGsPFbqz/YrAunndcHB9uwGdn5S3+5k18mj0L2vkg=="],

    "@react-pdf/layout": ["@react-pdf/layout@5.2.0", "", { "dependencies": { "@react-pdf/fns": "3.1.3", "@react-pdf/image": "^3.1.2", "@react-pdf/paginate": "1.0.1", "@react-pdf/primitives": "^4.4.0", "@react-pdf/stylesheet": "^6.3.2", "@react-pdf/textkit": "^7.0.1", "@react-pdf/types": "^2.14.0", "emoji-regex-xs": "^1.0.0", "queue": "^6.0.1", "yoga-layout": "^3.2.1" } }, "sha512-Hzf9cShT1bKkr9tZ+A9qK/wHqUloOCgbNer72EquQS6QzqVGiDdtt6Wh9lQXwkd89U7yZolTLnFqP/dRdoRROw=="],

    "@react-pdf/paginate": ["@react-pdf/paginate@1.0.1", "", {}, "sha512-JN6teDqkdpkcRhdGZqyrr7Y8flgTtyI8XS3yaBQLyiGjEBPbR9m/19cz2z3JkqYpApau5pEHZlLjwGqMurWysw=="],

    "@react-pdf/primitives": ["@react-pdf/primitives@4.4.0", "", {}, "sha512-BFpuhNH6ffSFjTTMnpdUoZxWoXdhPmFDdrSVBl0i/zMR4yDTEfYOW3AcfjjmNIOpm9+LnIXbgELLklQJ+nD3oA=="],

    "@react-pdf/reconciler": ["@react-pdf/reconciler@2.0.0", "", { "dependencies": { "object-assign": "^4.1.1", "scheduler": "0.25.0-rc-603e6108-20241029" }, "peerDependencies": { "react": "^16.8.0 || ^17.0.0 || ^18.0.0 || ^19.0.0" } }, "sha512-7zaPRujpbHSmCpIrZ+b9HSTJHthcVZzX0Wx7RzvQGsGBUbHP4p6s5itXrAIOuQuPvDepoHGNOvf6xUuMVvdoyw=="],

    "@react-pdf/render": ["@react-pdf/render@4.7.0", "", { "dependencies": { "@babel/runtime": "^7.20.13", "@react-pdf/fns": "3.1.3", "@react-pdf/primitives": "^4.4.0", "@react-pdf/textkit": "^7.0.1", "@react-pdf/types": "^2.14.0", "abs-svg-path": "^0.1.1", "color-string": "^2.1.4", "normalize-svg-path": "^1.1.0", "parse-svg-path": "^0.1.2", "svg-arc-to-cubic-bezier": "^3.2.0" } }, "sha512-UEMgR7gBmCJiKpuu9alY6QeZVNB+7b4DGHc7Hi8QIl+5PfHvyq+TV70N7+ngZ6wN7hF3XSiWz7GDuYxPIx5eRw=="],

    "@react-pdf/renderer": ["@react-pdf/renderer@4.9.0", "", { "dependencies": { "@babel/runtime": "^7.20.13", "@react-pdf/fns": "3.1.3", "@react-pdf/font": "^4.1.2", "@react-pdf/layout": "^5.2.0", "@react-pdf/primitives": "^4.4.0", "@react-pdf/reconciler": "^2.0.0", "@react-pdf/render": "^4.7.0", "@react-pdf/types": "^2.14.0", "events": "^3.3.0", "object-assign": "^4.1.1", "pdfkit": "0.20.1", "prop-types": "^15.6.2", "queue": "^6.0.1" }, "peerDependencies": { "react": "^16.8.0 || ^17.0.0 || ^18.0.0 || ^19.0.0" } }, "sha512-RAbARMwjcSYEpqpaWoWXz0uOGF1HjAl5hdJr889r5mgkPhF9xhX4CXSvcEbLTgFVj+KWbcar31MzcXYoANk/Ag=="],

    "@react-pdf/stylesheet": ["@react-pdf/stylesheet@6.3.2", "", { "dependencies": { "@react-pdf/fns": "3.1.3", "@react-pdf/types": "^2.14.0", "color-string": "^2.1.4", "hsl-to-hex": "^1.0.0", "media-engine": "^2.0.0", "postcss-value-parser": "^4.1.0" } }, "sha512-UR247sNBx2k3RdL8JUCpUiyx39yQsUABagv3uAi91iMZCORE+fSCsOh7MOcEImmpms4GihydLGudbngI5g14PA=="],

    "@react-pdf/svg": ["@react-pdf/svg@1.1.1", "", { "dependencies": { "@react-pdf/primitives": "^4.4.0" } }, "sha512-m1GmGxV2wg/3VpoQ0aCJ598fBedCCfN+HtxKx1lq5kdwUWEaTbfXI1DGFAUedprFDd/i24okKFaUhV/KVZIqIQ=="],

    "@react-pdf/textkit": ["@react-pdf/textkit@7.0.1", "", { "dependencies": { "@react-pdf/fns": "3.1.3", "@react-pdf/hyphenate": "^0.1.0", "bidi-js": "^1.0.2", "unicode-properties": "^1.4.1" } }, "sha512-ljY/YoEETIOR/+zxWdLLmKlupz8/nBsbmxglM3mDRco62UEzEPnIeMEzYVVVraovCAJC2t+50gKFNSV17FYxbw=="],

    "@react-pdf/types": ["@react-pdf/types@2.14.0", "", { "dependencies": { "@react-pdf/font": "^4.1.2", "@react-pdf/primitives": "^4.4.0", "@react-pdf/stylesheet": "^6.3.2" } }, "sha512-TYHpThdf2sz/d1g+CP9nWjYCJ8BYBUN5ORL6+60A85Js9S/YouK8OXzi+hDpYUSZJTOdYXdRxUNeG2oW8//Ulg=="],

    "@swc/helpers": ["@swc/helpers@0.5.23", "", { "dependencies": { "tslib": "^2.8.0" } }, "sha512-5lSsMOTXURePglDfvuAQUqkGek9Hg2kksOYay2m0+XR++b2NWYL/4sWyuvVBIs8oKnJaxkdi9whaL/sqN13afw=="],

    "@tsconfig/strictest": ["@tsconfig/strictest@2.0.8", "", {}, "sha512-XnQ7vNz5HRN0r88GYf1J9JJjqtZPiHt2woGJOo2dYqyHGGcd6OLGqSlBB6p1j9mpzja6Oe5BoPqWmeDx6X9rLw=="],

    "@types/node": ["@types/node@24.19.0", "", { "dependencies": { "undici-types": ">=7.24.0 <7.24.7" } }, "sha512-zY+5tKxXdhGh1PYI0ac+7juvEu4OI6vWtVVoj5i2m42jxAY1U+zHGt6QCyOFwykdP62sM3MJ9stoYYUw5aCWew=="],

    "@types/react": ["@types/react@19.3.0", "", { "dependencies": { "csstype": "^3.2.2" } }, "sha512-N0rFCuH9YoxG9/m61l9MfpJKfmLOVU0em7ipIz6TRgSSkvReLB9vL85GB+yr8Bs5leqpvg96JSwF4ZS1s4viQg=="],

    "@typescript/typescript-aix-ppc64": ["@typescript/typescript-aix-ppc64@7.0.2", "", { "os": "aix", "cpu": "ppc64" }, "sha512-MTKKkWB7p/0E9xi1d1tHtZ5PiLkGEMIq88pK2CubZjOsLtYTLqhgIgi6zepFa+9GHZ6h05NMCkQxGKiPXMxXtQ=="],

    "@typescript/typescript-darwin-arm64": ["@typescript/typescript-darwin-arm64@7.0.2", "", { "os": "darwin", "cpu": "arm64" }, "sha512-gowzar9MwS/aRWp6f3a4KUqzRjAZjOsmGNCM6LcTgXum+dBfgsBVMN+AgvOCCbguXyick6LJhpBszxMebJ8syA=="],

    "@typescript/typescript-darwin-x64": ["@typescript/typescript-darwin-x64@7.0.2", "", { "os": "darwin", "cpu": "x64" }, "sha512-SZ9xZInqApNlNGc9s0W1VSsktYSOe9cFqNOIqmN1Gs8SmkjKZYFt017G4VwPxASInODuAdbTW7sXiFUf893RgA=="],

    "@typescript/typescript-freebsd-arm64": ["@typescript/typescript-freebsd-arm64@7.0.2", "", { "os": "freebsd", "cpu": "arm64" }, "sha512-W5NH4y/J0plIIS5b2xvTEkU7JFxyqdMAOgf+Ilhl0vHQXKO5dZoxd+C/jEtq56c4F3wk71RB4BMRQ2XdI+bwYQ=="],

    "@typescript/typescript-freebsd-x64": ["@typescript/typescript-freebsd-x64@7.0.2", "", { "os": "freebsd", "cpu": "x64" }, "sha512-UMGDx5sTpzNw3WiPebH7l90IWfJggEd+egHt/q6p7/Cm3zqoV7VxkGXt+3DxPIw8CcmvAB0j3sVVfbhX+M4Tpw=="],

    "@typescript/typescript-linux-arm": ["@typescript/typescript-linux-arm@7.0.2", "", { "os": "linux", "cpu": "arm" }, "sha512-gffT3xPz9sR7j/YJExkyPntrI0P2EP9XbOyWzth2/Gs0RstK+90RBcO0ncXoXy/beYll1SXw846Nf2zdnEz0QQ=="],

    "@typescript/typescript-linux-arm64": ["@typescript/typescript-linux-arm64@7.0.2", "", { "os": "linux", "cpu": "arm64" }, "sha512-Qh4eU4/y3yDjnfjjyPYihMj5/ODIlmt+Bzu17OI+fiSRDW57QmU5SiN63exPRNJPKUzcc1INa1NXdrJ+MqHjUQ=="],

    "@typescript/typescript-linux-loong64": ["@typescript/typescript-linux-loong64@7.0.2", "", { "os": "linux", "cpu": "none" }, "sha512-uEHck9i8hoAzXPiYRib1O7miOnz23SxIeVl6F4LXox+qov1K35jHcEW6VHKvZI+pyvl7fZEP4MCU5LYvIq1GuQ=="],

    "@typescript/typescript-linux-mips64el": ["@typescript/typescript-linux-mips64el@7.0.2", "", { "os": "linux", "cpu": "none" }, "sha512-R4KvAMnE43W5Qeqb0Ly56O3mWMWIAgsMyz36DCaycd5nbg/9kzm0liw3JocfRqyJY0KPmzFjbswozXyW0DnIYA=="],

    "@typescript/typescript-linux-ppc64": ["@typescript/typescript-linux-ppc64@7.0.2", "", { "os": "linux", "cpu": "ppc64" }, "sha512-DORx5b3sd/4S7eayxm4FQv+A7CrkUIGRaHiwI8oiHTAI1fAPWhF4J0vAlkC8biAlHSVVwxMQ3tjZ2/DVbnQiiA=="],

    "@typescript/typescript-linux-riscv64": ["@typescript/typescript-linux-riscv64@7.0.2", "", { "os": "linux", "cpu": "none" }, "sha512-wf0jqEDOjrPRnKwYRyyJDRo11KMbvMFrU+q4zqKyChODBzvlkbhNQfKvLxQCcwTpdDaXSHZTVuh0JoCrKCUMHQ=="],

    "@typescript/typescript-linux-s390x": ["@typescript/typescript-linux-s390x@7.0.2", "", { "os": "linux", "cpu": "s390x" }, "sha512-IkwJc3L7yhytWd/ewjyxNDfOmswCm9GWMJT/ue/dU4aZNbwZeYAetq42VyLmsmSjvoX7z74X6ZaYCtzAr0EuGw=="],

    "@typescript/typescript-linux-x64": ["@typescript/typescript-linux-x64@7.0.2", "", { "os": "linux", "cpu": "x64" }, "sha512-EYdf2cNg7rgCWJnxCdJ+F3V39O8ihb37eHAu1LK8oAFizgTQbPOK7zHHXbPt8rX24COqODXeI3sIf0fCXG7H/A=="],

    "@typescript/typescript-netbsd-arm64": ["@typescript/typescript-netbsd-arm64@7.0.2", "", { "os": "none", "cpu": "arm64" }, "sha512-+polYF4MF04aPpO5FTkHran9yUQDSXqy5GiSDKpsll5jy3l3+g9QLhpf39T+ePtefhXLOGrLl0QIjkQP6VnelA=="],

    "@typescript/typescript-netbsd-x64": ["@typescript/typescript-netbsd-x64@7.0.2", "", { "os": "none", "cpu": "x64" }, "sha512-8YIT0EHM/3dq10ZOVF/A7pc/YSMtbcecct4rWtexrnSCHOPcpC2KTLXfTCR6vDpnSiY12heNb1GiN/wu+T/FyA=="],

    "@typescript/typescript-openbsd-arm64": ["@typescript/typescript-openbsd-arm64@7.0.2", "", { "os": "openbsd", "cpu": "arm64" }, "sha512-APT8+ClYnuYm1u9+kgGXoMj2VzWzcymwh2gNSQVySHfkRDGOTVkoWLjCmOQSaO+PoqQ57B0flRp9SA+7GnnkzQ=="],

    "@typescript/typescript-openbsd-x64": ["@typescript/typescript-openbsd-x64@7.0.2", "", { "os": "openbsd", "cpu": "x64" }, "sha512-yX7s+Q0Dln0Dt9tEzZsAjXXR/+ytBM7AlglaqyeMPxQszJ1JhlJdZ6jLA+IzldHtflX81em7lDao1xXu+aRRkg=="],

    "@typescript/typescript-sunos-x64": ["@typescript/typescript-sunos-x64@7.0.2", "", { "os": "sunos", "cpu": "x64" }, "sha512-dLJDGaLZ1D4HPQn62u1n8mBDkJREwMsAkCdkwd4Ieqw+x3TUyTsqY0YiBCtE6H6OzzgGk3iuZ3vFWRS+E8/d1g=="],

    "@typescript/typescript-win32-arm64": ["@typescript/typescript-win32-arm64@7.0.2", "", { "os": "win32", "cpu": "arm64" }, "sha512-Gyl1Vy6OsWesLzmq+EP0Fb7b4Nid5232AvcA2SFcdYreldpNtYFFofPjnt62y9hQy7VTaZp65ICJjuAQRaVcIQ=="],

    "@typescript/typescript-win32-x64": ["@typescript/typescript-win32-x64@7.0.2", "", { "os": "win32", "cpu": "x64" }, "sha512-0BQ3HkAHHlKLSp1qRvf3SUhGpGsDuhB/jgFw75guyqbxJqEaS0Cw/VFO8i2nHglJUzQCRtMMR/IBAKE3ETMC4g=="],

    "abs-svg-path": ["abs-svg-path@0.1.1", "", {}, "sha512-d8XPSGjfyzlXC3Xx891DJRyZfqk5JU0BJrDQcsWomFIV1/BIzPW5HDH5iDdWpqWaav0YVIEzT1RHTwWr0FFshA=="],

    "ansi-regex": ["ansi-regex@6.4.0", "", {}, "sha512-KzTVk2tCWAHtYrvvvaP8bJKJq2pVinhLcGEQdtLIYPbmNGNyYe8QwNaTUYQp2J7/vIsUKt5QCqAfUkYyG9DkOw=="],

    "base64-js": ["base64-js@0.0.8", "", {}, "sha512-3XSA2cR/h/73EzlXXdU6YNycmYI7+kicTxks4eJg2g39biHR84slg2+des+p7iHYhbRg/udIS4TD53WabcOUkw=="],

    "bidi-js": ["bidi-js@1.1.0", "", { "dependencies": { "require-from-string": "^2.0.2" } }, "sha512-fX1Onk0tdVPC7obPWB5EbJ1z7NVhLq4m2xZLq2YXBkxzMXIGRpNMU88n0EPgWseKl12J7zXs7qrDxPK4sRs2fg=="],

    "brotli": ["brotli@1.3.3", "", { "dependencies": { "base64-js": "^1.1.2" } }, "sha512-oTKjJdShmDuGW94SyyaoQvAjf30dZaHnjJ8uAF+u2/vGJkJbJPJAT1gDiOJP5v1Zb6f9KEyW/1HpuaWIXtGHPg=="],

    "cac": ["cac@7.0.0", "", {}, "sha512-tixWYgm5ZoOD+3g6UTea91eow5z6AAHaho3g0V9CNSNb45gM8SmflpAc+GRd1InC4AqN/07Unrgp56Y94N9hJQ=="],

    "chalk": ["chalk@5.6.2", "", {}, "sha512-7NzBL0rN6fMUW+f7A6Io4h40qQlG+xGmtMxfbnH/K7TAtt8JQWVQK+6g0UXKMeVJoyV5EkkNsErQ8pVD3bLHbA=="],

    "cli-cursor": ["cli-cursor@5.0.0", "", { "dependencies": { "restore-cursor": "^5.0.0" } }, "sha512-aCj4O5wKyszjMmDT4tZj93kxyydN/K5zPWSCe6/0AV/AA1pqe5ZBIw0a2ZfPQV7lL5/yb5HsUreJ6UFAF1tEQw=="],

    "cli-spinners": ["cli-spinners@3.4.0", "", {}, "sha512-bXfOC4QcT1tKXGorxL3wbJm6XJPDqEnij2gQ2m7ESQuE+/z9YFIWnl/5RpTiKWbMq3EVKR4fRLJGn6DVfu0mpw=="],

    "clone": ["clone@2.1.2", "", {}, "sha512-3Pe/CF1Nn94hyhIYpjtiLhdCoEoz0DqQ+988E9gmeEdQZlojxnOb74wctFyuwWQHzqyf9X7C7MG8juUpqBJT8w=="],

    "color-name": ["color-name@2.1.1", "", {}, "sha512-p2FdgwVx1a9yWBHP2wI0VgShkDpgN4kZISkxdNipGBJWpa5G6b04OINlVWCyJj0JmfvcPrgqt95E9k8yvaOJFg=="],

    "color-string": ["color-string@2.1.4", "", { "dependencies": { "color-name": "^2.0.0" } }, "sha512-Bb6Cq8oq0IjDOe8wJmi4JeNn763Xs9cfrBcaylK1tPypWzyoy2G3l90v9k64kjphl/ZJjPIShFztenRomi8WTg=="],

    "csstype": ["csstype@3.2.3", "", {}, "sha512-z1HGKcYy2xA8AGQfwrn0PAy+PB7X/GSj3UVJW9qKyn43xWa+gl5nXmU4qqLMRzWVLFC8KusUX8T/0kCiOYpAIQ=="],

    "dfa": ["dfa@1.2.0", "", {}, "sha512-ED3jP8saaweFTjeGX8HQPjeC1YYyZs98jGNZx6IiBvxW7JG5v492kamAQB3m2wop07CvU/RQmzcKr6bgcC5D/Q=="],

    "emoji-regex-xs": ["emoji-regex-xs@1.0.0", "", {}, "sha512-LRlerrMYoIDrT6jgpeZ2YYl/L8EulRTt5hQcYjy5AInh7HWXKimpqx68aknBFpGL2+/IcogTcaydJEgaTmOpDg=="],

    "events": ["events@3.3.0", "", {}, "sha512-mQw+2fkQbALzQ7V0MY0IqdnXNOeTtP4r0lN9z7AAawCXgqea7bDii20AYrIBrFd/Hx0M2Ocz6S111CaFkUcb0Q=="],

    "fast-deep-equal": ["fast-deep-equal@3.1.3", "", {}, "sha512-f3qQ9oQy9j2AhBe/H9VC91wLmKBCCU/gDOnKNAYG5hswO7BLKj09Hc5HYNz9cGI++xlpDCIgDaitVs03ATR84Q=="],

    "fflate": ["fflate@0.8.3", "", {}, "sha512-tbZNuJrLwGUp3zshBtdy4W+ORxZuIh8a5ilyIEQDC5rY1f3U20JMry0Ll3WBzU58EZKsEuJFXhb5gwv8CsPvgA=="],

    "fontkit": ["fontkit@2.0.4", "", { "dependencies": { "@swc/helpers": "^0.5.12", "brotli": "^1.3.2", "clone": "^2.1.2", "dfa": "^1.2.0", "fast-deep-equal": "^3.1.3", "restructure": "^3.0.0", "tiny-inflate": "^1.0.3", "unicode-properties": "^1.4.0", "unicode-trie": "^2.0.0" } }, "sha512-syetQadaUEDNdxdugga9CpEYVaQIxOwk7GlwZWWZ19//qW4zE5bknOKeMBDYAASwnpaSHKJITRLMF9m1fp3s6g=="],

    "get-east-asian-width": ["get-east-asian-width@1.7.0", "", {}, "sha512-XjH1AECxf0giL2V1aU8vKyRR2ppRUb5c0EvT7zuJTokQ74bNo52zOtghqdWIqrhUD79fo3x0WfKZdOqxF6LG1Q=="],

    "hsl-to-hex": ["hsl-to-hex@1.0.0", "", { "dependencies": { "hsl-to-rgb-for-reals": "^1.1.0" } }, "sha512-K6GVpucS5wFf44X0h2bLVRDsycgJmf9FF2elg+CrqD8GcFU8c6vYhgXn8NjUkFCwj+xDFb70qgLbTUm6sxwPmA=="],

    "hsl-to-rgb-for-reals": ["hsl-to-rgb-for-reals@1.1.1", "", {}, "sha512-LgOWAkrN0rFaQpfdWBQlv/VhkOxb5AsBjk6NQVx4yEzWS923T07X0M1Y0VNko2H52HeSpZrZNNMJ0aFqsdVzQg=="],

    "hyphen": ["hyphen@1.6.6", "", {}, "sha512-XtqmnT+b9n5MX+MsqluFAVTIenbtC25iskW0Z+jLd+awfhA+ZbWKWQMIvLJccGoa2bM1R6juWJ27cZxIFOmkWw=="],

    "inherits": ["inherits@2.0.4", "", {}, "sha512-k/vGaX4/Yla3WzyMCvTQOXYeIHvqOKtnqBduzTHpzpQZzAskKMhZ2K+EnBiSM9zGSoIFeMpXKxa4dYeZIQqewQ=="],

    "is-interactive": ["is-interactive@2.0.0", "", {}, "sha512-qP1vozQRI+BMOPcjFzrjXuQvdak2pHNUMZoeG2eRbiSqyvbEf/wQtEOTOX1guk6E3t36RkaqiSt8A/6YElNxLQ=="],

    "is-unicode-supported": ["is-unicode-supported@2.1.0", "", {}, "sha512-mE00Gnza5EEB3Ds0HfMyllZzbBrmLOX3vfWoj9A9PEnTfratQ/BcaJOuMhnkhjXvb2+FkY3VuHqtAGpTPmglFQ=="],

    "is-url": ["is-url@1.2.4", "", {}, "sha512-ITvGim8FhRiYe4IQ5uHSkj7pVaPDrCTkNd3yq3cV7iZAcJdHTUMPMEHcqSOy9xZ9qFenQCvi+2wjH9a1nXqHww=="],

    "jay-peg": ["jay-peg@1.1.1", "", { "dependencies": { "restructure": "^3.0.0" } }, "sha512-D62KEuBxz/ip2gQKOEhk/mx14o7eiFRaU+VNNSP4MOiIkwb/D6B3G1Mfas7C/Fit8EsSV2/IWjZElx/Gs6A4ww=="],

    "js-tokens": ["js-tokens@4.0.0", "", {}, "sha512-RdJUflcE3cUzKiMqQgsCu06FPu9UdIJO0beYbPhHN4k6apgJtifcoCtT9bcxOpYBtpD2kCM6Sbzg4CausW/PKQ=="],

    "lefthook": ["lefthook@2.1.16", "", { "optionalDependencies": { "lefthook-darwin-arm64": "2.1.16", "lefthook-darwin-x64": "2.1.16", "lefthook-freebsd-arm64": "2.1.16", "lefthook-freebsd-x64": "2.1.16", "lefthook-linux-arm64": "2.1.16", "lefthook-linux-x64": "2.1.16", "lefthook-openbsd-arm64": "2.1.16", "lefthook-openbsd-x64": "2.1.16", "lefthook-windows-arm64": "2.1.16", "lefthook-windows-x64": "2.1.16" }, "bin": { "lefthook": "bin/index.js" } }, "sha512-U69YGDNsZ7R+umeSzdLzORNCHQFz/w4LKyNTjJQcGrQRQCr8hlCJfJwwm9sqq9Uc5N6dImS58ywURA0FkqoHlg=="],

    "lefthook-darwin-arm64": ["lefthook-darwin-arm64@2.1.16", "", { "os": "darwin", "cpu": "arm64" }, "sha512-oOjS1mn3UGNfo72UtR9VJMyulgbjvLkv5KEmJVgfWiO8wZ4Z469o2ZllvH5FrHluzv4Hlkc9OG+vnCP+5/ztMA=="],

    "lefthook-darwin-x64": ["lefthook-darwin-x64@2.1.16", "", { "os": "darwin", "cpu": "x64" }, "sha512-/thON8TbzsqXBjF0hkVPsisBJOKGfss0+lVqcJ0jNwaRDIQSn6Frsn7c9eqs7uyMNEQKUVLTeIkpwPrNldT8JA=="],

    "lefthook-freebsd-arm64": ["lefthook-freebsd-arm64@2.1.16", "", { "os": "freebsd", "cpu": "arm64" }, "sha512-Eg7s0gcGwZnQqYyWTfOqb+2qupXtmHt/XHftXJvLhTaTMXR6uQbAyl7ceYTl2wH43AOCLrJ5BMMdqlWJaj/EbA=="],

    "lefthook-freebsd-x64": ["lefthook-freebsd-x64@2.1.16", "", { "os": "freebsd", "cpu": "x64" }, "sha512-vCmyKLO8mtAf+hm8rpfAlt4wQ23S7AGnlT6JlrLPBSt5V8J2kXuI/N1W2XQbWx6OqckqchhBdLQP3Xh4IiYBXA=="],

    "lefthook-linux-arm64": ["lefthook-linux-arm64@2.1.16", "", { "os": "linux", "cpu": "arm64" }, "sha512-zMEZ8x+PzXqjouEFsf2lWt2o0p5yvvT0YP0CpJC41y4FIRusx0sy3l+cjvKRIysLGOzKMr4V3/fE6w7f2KgwUw=="],

    "lefthook-linux-x64": ["lefthook-linux-x64@2.1.16", "", { "os": "linux", "cpu": "x64" }, "sha512-HdfNz3z5hzrEXyP5KC51os+2M6BThL4qMfu8rB777tbXzf7WMoxf/FV6mnzoqM1RN0K+KJAQYbnJatfPQhqusQ=="],

    "lefthook-openbsd-arm64": ["lefthook-openbsd-arm64@2.1.16", "", { "os": "openbsd", "cpu": "arm64" }, "sha512-zKkyN/ocUXOzFaLPn3ciucJ6CYcnUmqFsIwp7ge96sQ8l83omxL9rK0/KvSsMcus+TfHTNN+DFWVJxeMepPVtQ=="],

    "lefthook-openbsd-x64": ["lefthook-openbsd-x64@2.1.16", "", { "os": "openbsd", "cpu": "x64" }, "sha512-Ptu0D2JK1COlDK1lcr7F6WDGkCzQ80ozeTrqNzPEyBjUdZAFLwR5K5gWgaRtR06RSoYDC72RFxKM1QYnsfF0rQ=="],

    "lefthook-windows-arm64": ["lefthook-windows-arm64@2.1.16", "", { "os": "win32", "cpu": "arm64" }, "sha512-YTzFJwlF3qbHx+CCuiyDmDPASh6mYBp1I8zfTeGKI3L24Eoct6FUaGUlfAoz8SI3DECPmBhfNgAK4dZlX9Hd5g=="],

    "lefthook-windows-x64": ["lefthook-windows-x64@2.1.16", "", { "os": "win32", "cpu": "x64" }, "sha512-mQVpfaagdIZPJCGDeedRnslyd9JTc13vjmp02uu4X7cr/VZK94obwk96dhgsRp9+LL1XMhX5zTcb0zNLo1hC+A=="],

    "linebreak": ["linebreak@1.1.0", "", { "dependencies": { "base64-js": "0.0.8", "unicode-trie": "^2.0.0" } }, "sha512-MHp03UImeVhB7XZtjd0E4n6+3xr5Dq/9xI/5FptGk5FrbDR3zagPa2DS6U8ks/3HjbKWG9Q1M2ufOzxV2qLYSQ=="],

    "log-symbols": ["log-symbols@7.0.1", "", { "dependencies": { "is-unicode-supported": "^2.0.0", "yoctocolors": "^2.1.1" } }, "sha512-ja1E3yCr9i/0hmBVaM0bfwDjnGy8I/s6PP4DFp+yP+a+mrHO4Rm7DtmnqROTUkHIkqffC84YY7AeqX6oFk0WFg=="],

    "loose-envify": ["loose-envify@1.4.0", "", { "dependencies": { "js-tokens": "^3.0.0 || ^4.0.0" }, "bin": { "loose-envify": "cli.js" } }, "sha512-lyuxPGr/Wfhrlem2CL/UcnUc1zcqKAImBDzukY7Y5F/yQiNdko6+fRLevlw1HgMySw7f611UIY408EtxRSoK3Q=="],

    "media-engine": ["media-engine@2.0.0", "", {}, "sha512-FqNmlXKYrp5d3g7xEOMJb+6gXZE0fTssdyIQqYR4LbkifbNbS0hDylhNDOh8r6tCgLboHd8+mwgH2njgSYDpnQ=="],

    "mimic-function": ["mimic-function@5.0.1", "", {}, "sha512-VP79XUPxV2CigYP3jWwAUFSku2aKqBH7uTAapFWCBqutsbmDo96KY5o8uh6U+/YSIn5OxJnXp73beVkpqMIGhA=="],

    "normalize-svg-path": ["normalize-svg-path@1.1.0", "", { "dependencies": { "svg-arc-to-cubic-bezier": "^3.0.0" } }, "sha512-r9KHKG2UUeB5LoTouwDzBy2VxXlHsiM6fyLQvnJa0S5hrhzqElH/CH7TUGhT1fVvIYBIKf3OpY4YJ4CK+iaqHg=="],

    "object-assign": ["object-assign@4.1.1", "", {}, "sha512-rJgTQnkUnH1sFw8yT6VSU3zD3sWmu6sZhIseY8VX+GRu3P6F7Fu+JNDoXfklElbLJSnc3FUQHVe4cU5hj+BcUg=="],

    "onetime": ["onetime@7.0.0", "", { "dependencies": { "mimic-function": "^5.0.0" } }, "sha512-VXJjc87FScF88uafS3JllDgvAm+c/Slfz06lorj2uAY34rlUu0Nt+v8wreiImcrgAjjIHp1rXpTDlLOGw29WwQ=="],

    "ora": ["ora@9.4.1", "", { "dependencies": { "chalk": "^5.6.2", "cli-cursor": "^5.0.0", "cli-spinners": "^3.2.0", "is-interactive": "^2.0.0", "is-unicode-supported": "^2.1.0", "log-symbols": "^7.0.1", "stdin-discarder": "^0.3.2", "string-width": "^8.1.0" } }, "sha512-6VlU9MLXbjVQD04AZCMX28hVtA5bUoadvUqO76MUCVA0ilwJbMiHsITRPfyVm6p/BC0Av/BXMujx39WCe1LEqw=="],

    "pako": ["pako@0.2.9", "", {}, "sha512-NUcwaKxUxWrZLpDG+z/xZaCgQITkA/Dv4V/T6bw7VON6l1Xz/VnrBqrYjZQ12TamKHzITTfOEIYUj48y2KXImA=="],

    "parse-svg-path": ["parse-svg-path@0.1.2", "", {}, "sha512-JyPSBnkTJ0AI8GGJLfMXvKq42cj5c006fnLz6fXy6zfoVjJizi8BNTpu8on8ziI1cKy9d9DGNuY17Ce7wuejpQ=="],

    "pdfkit": ["pdfkit@0.20.1", "", { "dependencies": { "@noble/ciphers": "^1.3.0", "@noble/hashes": "^1.8.0", "fflate": "^0.8.3", "fontkit": "^2.0.4", "linebreak": "^1.1.0", "png-js": "^2.0.0" } }, "sha512-1rRXK6x5o8I/3dBrBzXfxibpHpkfCnIA7EBAES7pEpGFc/65inMLlA8SalGWpJfal7BGekxeLf6A30IOpQpc5Q=="],

    "png-js": ["png-js@2.0.0", "", { "dependencies": { "fflate": "^0.8.2" } }, "sha512-GdzJuUMc6ZSpxFJWVxtOH1bzYHym+TOnveqUjb+VJIbZWbZzyiRGFiKhbiielfpYbgMlhHVhsJ0FTazfuRFkMA=="],

    "postcss-value-parser": ["postcss-value-parser@4.2.0", "", {}, "sha512-1NNCs6uurfkVbeXG4S8JFT9t19m45ICnif8zWLd5oPSZ50QnwMfK+H3jv408d4jw/7Bttv5axS5IiHoLaVNHeQ=="],

    "prop-types": ["prop-types@15.8.1", "", { "dependencies": { "loose-envify": "^1.4.0", "object-assign": "^4.1.1", "react-is": "^16.13.1" } }, "sha512-oj87CgZICdulUohogVAR7AjlC0327U4el4L6eAvOqCeudMDVU0NThNaV+b9Df4dXgSP1gXMTnPdhfe/2qDH5cg=="],

    "queue": ["queue@6.0.2", "", { "dependencies": { "inherits": "~2.0.3" } }, "sha512-iHZWu+q3IdFZFX36ro/lKBkSvfkztY5Y7HMiPlOUjhupPcG2JMfst2KKEpu5XndviX/3UhFbRngUPNKtgvtZiA=="],

    "react": ["react@19.3.0", "", {}, "sha512-E8LUcbtBWt20bbl2YoHfx4ZDBdxVTfOKtCZn9cDSJ4l6/nuoApcpIBcj47t2wZoVX8g2ZHuMHbiShgCR1T5Sog=="],

    "react-is": ["react-is@16.13.1", "", {}, "sha512-24e6ynE2H+OKt4kqsOvNd8kBpV65zoxbA4BVsEOB3ARVWQki/DHzaUoC5KuON/BiccDaCCTZBuOcfZs70kR8bQ=="],

    "remeda": ["remeda@2.50.0", "", {}, "sha512-pzljnP7Gnl/lLz5WcOSkxEGCjcK4dteQihQjRrtKCGqn8J6jD0BHwfU6pRrXjvQV2EWe+HdgtfZW7rDdmKn8uQ=="],

    "require-from-string": ["require-from-string@2.0.2", "", {}, "sha512-Xf0nWe6RseziFMu+Ap9biiUbmplq6S9/p+7w7YXP/JBHhrUDDUhwa+vANyubuqfZWTveU//DYVGsDG7RKL/vEw=="],

    "restore-cursor": ["restore-cursor@5.1.0", "", { "dependencies": { "onetime": "^7.0.0", "signal-exit": "^4.1.0" } }, "sha512-oMA2dcrw6u0YfxJQXm342bFKX/E4sG9rbTzO9ptUcR/e8A33cHuvStiYOwH7fszkZlZ1z/ta9AAoPk2F4qIOHA=="],

    "restructure": ["restructure@3.0.2", "", {}, "sha512-gSfoiOEA0VPE6Tukkrr7I0RBdE0s7H1eFCDBk05l1KIQT1UIKNc5JZy6jdyW6eYH3aR3g5b3PuL77rq0hvwtAw=="],

    "scheduler": ["scheduler@0.25.0-rc-603e6108-20241029", "", {}, "sha512-pFwF6H1XrSdYYNLfOcGlM28/j8CGLu8IvdrxqhjWULe2bPcKiKW4CV+OWqR/9fT52mywx65l7ysNkjLKBda7eA=="],

    "signal-exit": ["signal-exit@4.1.0", "", {}, "sha512-bzyZ1e88w9O1iNJbKnOlvYTrWPDl46O1bG0D3XInv+9tkPrxrN8jUUTiFlDkkmKWgn1M6CfIA13SuGqOa9Korw=="],

    "stdin-discarder": ["stdin-discarder@0.3.2", "", {}, "sha512-eCPu1qRxPVkl5605OTWF8Wz40b4Mf45NY5LQmVPQ599knfs5QhASUm9GbJ5BDMDOXgrnh0wyEdvzmL//YMlw0A=="],

    "string-width": ["string-width@8.3.0", "", { "dependencies": { "get-east-asian-width": "^1.5.0", "strip-ansi": "^7.1.2" } }, "sha512-ZbmZM0JCihQN91dWnxoipT2KOEyHqEyfRXUyjuRhW8b/xnqPDoq4gWEVApTVa9db2wN8mmoikgFBbjh71+cGeQ=="],

    "strip-ansi": ["strip-ansi@7.2.0", "", { "dependencies": { "ansi-regex": "^6.2.2" } }, "sha512-yDPMNjp4WyfYBkHnjIRLfca1i6KMyGCtsVgoKe/z1+6vukgaENdgGBZt+ZmKPc4gavvEZ5OgHfHdrazhgNyG7w=="],

    "svg-arc-to-cubic-bezier": ["svg-arc-to-cubic-bezier@3.2.0", "", {}, "sha512-djbJ/vZKZO+gPoSDThGNpKDO+o+bAeA4XQKovvkNCqnIS2t+S4qnLAGQhyyrulhCFRl1WWzAp0wUDV8PpTVU3g=="],

    "tagged-tag": ["tagged-tag@1.0.0", "", {}, "sha512-yEFYrVhod+hdNyx7g5Bnkkb0G6si8HJurOoOEgC8B/O0uXLHlaey/65KRv6cuWBNhBgHKAROVpc7QyYqE5gFng=="],

    "tiny-inflate": ["tiny-inflate@1.0.3", "", {}, "sha512-pkY1fj1cKHb2seWDy0B16HeWyczlJA9/WW3u3c4z/NiWDsO3DOU5D7nhTLE9CF0yXv/QZFY7sEJmj24dK+Rrqw=="],

    "tslib": ["tslib@2.8.1", "", {}, "sha512-oJFu94HQb+KVduSUQL7wnpmqnfmLsOA/nAh6b6EH0wCEoK0/mPeXU6c3wKDV83MkOuHPRHtSXKKU99IBazS/2w=="],

    "type-fest": ["type-fest@5.10.0", "", { "dependencies": { "tagged-tag": "^1.0.0" } }, "sha512-NoSdpq/WEiAg5sjmBkmV/hfxv6HJH4NqPNrqjtSO5CwRmpsDfaf4begxW34KdJykH/l1yHtwBWQkCRdoXO8mPA=="],

    "typescript": ["typescript@7.0.2", "", { "optionalDependencies": { "@typescript/typescript-aix-ppc64": "7.0.2", "@typescript/typescript-darwin-arm64": "7.0.2", "@typescript/typescript-darwin-x64": "7.0.2", "@typescript/typescript-freebsd-arm64": "7.0.2", "@typescript/typescript-freebsd-x64": "7.0.2", "@typescript/typescript-linux-arm": "7.0.2", "@typescript/typescript-linux-arm64": "7.0.2", "@typescript/typescript-linux-loong64": "7.0.2", "@typescript/typescript-linux-mips64el": "7.0.2", "@typescript/typescript-linux-ppc64": "7.0.2", "@typescript/typescript-linux-riscv64": "7.0.2", "@typescript/typescript-linux-s390x": "7.0.2", "@typescript/typescript-linux-x64": "7.0.2", "@typescript/typescript-netbsd-arm64": "7.0.2", "@typescript/typescript-netbsd-x64": "7.0.2", "@typescript/typescript-openbsd-arm64": "7.0.2", "@typescript/typescript-openbsd-x64": "7.0.2", "@typescript/typescript-sunos-x64": "7.0.2", "@typescript/typescript-win32-arm64": "7.0.2", "@typescript/typescript-win32-x64": "7.0.2" }, "bin": { "tsc": "bin/tsc" } }, "sha512-8FYau96o3NKOhbjKi/qNvG/W5jhzxkbdm5sj9AbZ/5T5sWqn3hJgLfGx27sRKZWTvyzCP8dLRBTf5tBTSRVUNA=="],

    "undici-types": ["undici-types@7.24.6", "", {}, "sha512-WRNW+sJgj5OBN4/0JpHFqtqzhpbnV0GuB+OozA9gCL7a993SmU+1JBZCzLNxYsbMfIeDL+lTsphD5jN5N+n0zg=="],

    "unicode-properties": ["unicode-properties@1.4.1", "", { "dependencies": { "base64-js": "^1.3.0", "unicode-trie": "^2.0.0" } }, "sha512-CLjCCLQ6UuMxWnbIylkisbRj31qxHPAurvena/0iwSVbQ2G1VY5/HjV0IRabOEbDHlzZlRdCrD4NhB0JtU40Pg=="],

    "unicode-trie": ["unicode-trie@2.0.0", "", { "dependencies": { "pako": "^0.2.5", "tiny-inflate": "^1.0.0" } }, "sha512-x7bc76x0bm4prf1VLg79uhAzKw8DVboClSN5VxJuQ+LKDOVEW9CdH+VY7SP+vX7xCYQqzzgQpFqz15zeLvAtZQ=="],

    "yoctocolors": ["yoctocolors@2.2.0", "", {}, "sha512-xYqdZFUK/VYazNl/oCDYN+3WloWQwMfZxBoiNt6qNyk+xfOdi598muWE42rNZFp1kNOiqW936q5RhUdnpqElSg=="],

    "yoga-layout": ["yoga-layout@3.2.1", "", {}, "sha512-0LPOt3AxKqMdFBZA3HBAt/t/8vIKq7VaQYbuA8WxCgung+p9TVyKRYdpvCb80HcdTN2NkbIKbhNwKUfm3tQywQ=="],

    "brotli/base64-js": ["base64-js@1.5.1", "", {}, "sha512-AKpaYlHn8t4SVbOHCy+b5+KKgvR4vrsD8vbvrbiQJps7fKDTkjkDry6ji0rUJjC0kzbNePLwzxq8iypo41qeWA=="],

    "unicode-properties/base64-js": ["base64-js@1.5.1", "", {}, "sha512-AKpaYlHn8t4SVbOHCy+b5+KKgvR4vrsD8vbvrbiQJps7fKDTkjkDry6ji0rUJjC0kzbNePLwzxq8iypo41qeWA=="],
  }
}
